// !$*UTF8*$!
{
	archiveVersion = 1;
	classes = {
	};
	objectVersion = 50;
	objects = {

/* Begin PBXBuildFile section */
		5919744324766995009FC662 /* SceneDelegate.swift in Sources */ = {isa = PBXBuildFile; fileRef = 5919744224766995009FC662 /* SceneDelegate.swift */; };
		591974472476699B009FC662 /* Assets.xcassets in Resources */ = {isa = PBXBuildFile; fileRef = 591974462476699B009FC662 /* Assets.xcassets */; };
		5919744A2476699B009FC662 /* Preview Assets.xcassets in Resources */ = {isa = PBXBuildFile; fileRef = 591974492476699B009FC662 /* Preview Assets.xcassets */; };
		5919744D2476699B009FC662 /* LaunchScreen.storyboard in Resources */ = {isa = PBXBuildFile; fileRef = 5919744B2476699B009FC662 /* LaunchScreen.storyboard */; };
		5957BA4924767233003E0BE1 /* AwesomeView.swift in Sources */ = {isa = PBXBuildFile; fileRef = 5957BA4824767233003E0BE1 /* AwesomeView.swift */; };
		5957BA4B24767413003E0BE1 /* SwiftUIView_Test01.swift in Sources */ = {isa = PBXBuildFile; fileRef = 5957BA4A24767413003E0BE1 /* SwiftUIView_Test01.swift */; };
/* End PBXBuildFile section */

/* Begin PBXFileReference section */
		5919743D24766995009FC662 /* SwiftUI01.app */ = {isa = PBXFileReference; explicitFileType = wrapper.application; includeInIndex = 0; path = SwiftUI01.app; sourceTree = BUILT_PRODUCTS_DIR; };
		5919744224766995009FC662 /* SceneDelegate.swift */ = {isa = PBXFileReference; lastKnownFileType = sourcecode.swift; path = SceneDelegate.swift; sourceTree = "<group>"; };
		591974462476699B009FC662 /* Assets.xcassets */ = {isa = PBXFileReference; lastKnownFileType = folder.assetcatalog; path = Assets.xcassets; sourceTree = "<group>"; };
		591974492476699B009FC662 /* Preview Assets.xcassets */ = {isa = PBXFileReference; lastKnownFileType = folder.assetcatalog; path = "Preview Assets.xcassets"; sourceTree = "<group>"; };
		5919744C2476699B009FC662 /* Base */ = {isa = PBXFileReference; lastKnownFileType = file.storyboard; name = Base; path = Base.lproj/LaunchScreen.storyboard; sourceTree = "<group>"; };
		5919744E2476699B009FC662 /* Info.plist */ = {isa = PBXFileReference; lastKnownFileType = text.plist.xml; path = Info.plist; sourceTree = "<group>"; };
		5957BA4824767233003E0BE1 /* AwesomeView.swift */ = {isa = PBXFileReference; lastKnownFileType = sourcecode.swift; path = AwesomeView.swift; sourceTree = "<group>"; };
		5957BA4A24767413003E0BE1 /* SwiftUIView_Test01.swift */ = {isa = PBXFileReference; lastKnownFileType = sourcecode.swift; path = SwiftUIView_Test01.swift; sourceTree = "<group>"; };
/* End PBXFileReference section */

/* Begin PBXFrameworksBuildPhase section */
		5919743A24766995009FC662 /* Frameworks */ = {
			isa = PBXFrameworksBuildPhase;
			buildActionMask = 2147483647;
			files = (
			);
			runOnlyForDeploymentPostprocessing = 0;
		};
/* End PBXFrameworksBuildPhase section */

/* Begin PBXGroup section */
		5919743424766995009FC662 = {
			isa = PBXGroup;
			children = (
				5919743F24766995009FC662 /* SwiftUI01 */,
				5919743E24766995009FC662 /* Products */,
			);
			sourceTree = "<group>";
		};
		5919743E24766995009FC662 /* Products */ = {
			isa = PBXGroup;
			children = (
				5919743D24766995009FC662 /* SwiftUI01.app */,
			);
			name = Products;
			sourceTree = "<group>";
		};
		5919743F24766995009FC662 /* SwiftUI01 */ = {
			isa = PBXGroup;
			children = (
				5919744224766995009FC662 /* SceneDelegate.swift */,
				5957BA4824767233003E0BE1 /* AwesomeView.swift */,
				5957BA4A24767413003E0BE1 /* SwiftUIView_Test01.swift */,
				591974462476699B009FC662 /* Assets.xcassets */,
				5919744B2476699B009FC662 /* LaunchScreen.storyboard */,
				5919744E2476699B009FC662 /* Info.plist */,
				591974482476699B009FC662 /* Preview Content */,
			);
			path = SwiftUI01;
			sourceTree = "<group>";
		};
		591974482476699B009FC662 /* Preview Content */ = {
			isa = PBXGroup;
			children = (
				591974492476699B009FC662 /* Preview Assets.xcassets */,
			);
			path = "Preview Content";
			sourceTree = "<group>";
		};
/* End PBXGroup section */

/* Begin PBXNativeTarget section */
		5919743C24766995009FC662 /* SwiftUI01 */ = {
			isa = PBXNativeTarget;
			buildConfigurationList = 591974512476699B009FC662 /* Build configuration list for PBXNativeTarget "SwiftUI01" */;
			buildPhases = (
				5919743924766995009FC662 /* Sources */,
				5919743A24766995009FC662 /* Frameworks */,
				5919743B24766995009FC662 /* Resources */,
			);
			buildRules = (
			);
			dependencies = (
			);
			name = SwiftUI01;
			productName = SwiftUI01;
			productReference = 5919743D24766995009FC662 /* SwiftUI01.app */;
			productType = "com.apple.product-type.application";
		};
/* End PBXNativeTarget section */

/* Begin PBXProject section */
		5919743524766995009FC662 /* Project object */ = {
			isa = PBXProject;
			attributes = {
				LastSwiftUpdateCheck = 1130;
				LastUpgradeCheck = 1130;
				ORGANIZATIONNAME = nixs;
				TargetAttributes = {
					5919743C24766995009FC662 = {
						CreatedOnToolsVersion = 11.3;
					};
				};
			};
			buildConfigurationList = 5919743824766995009FC662 /* Build configuration list for PBXProject "SwiftUI01" */;
			compatibilityVersion = "Xcode 9.3";
			developmentRegion = en;
			hasScannedForEncodings = 0;
			knownRegions = (
				en,
				Base,
			);
			mainGroup = 5919743424766995009FC662;
			productRefGroup = 5919743E24766995009FC662 /* Products */;
			projectDirPath = "";
			projectRoot = "";
			targets = (
				5919743C24766995009FC662 /* SwiftUI01 */,
			);
		};
/* End PBXProject section */

/* Begin PBXResourcesBuildPhase section */
		5919743B24766995009FC662 /* Resources */ = {
			isa = PBXResourcesBuildPhase;
			buildActionMask = 2147483647;
			files = (
				5919744D2476699B009FC662 /* LaunchScreen.storyboard in Resources */,
				5919744A2476699B009FC662 /* Preview Assets.xcassets in Resources */,
				591974472476699B009FC662 /* Assets.xcassets in Resources */,
			);
			runOnlyForDeploymentPostprocessing = 0;
		};
/* End PBXResourcesBuildPhase section */

/* Begin PBXSourcesBuildPhase section */
		5919743924766995009FC662 /* Sources */ = {
			isa = PBXSourcesBuildPhase;
			buildActionMask = 2147483647;
			files = (
				5957BA4924767233003E0BE1 /* AwesomeView.swift in Sources */,
				5919744324766995009FC662 /* SceneDelegate.swift in Sources */,
				5957BA4B24767413003E0BE1 /* SwiftUIView_Test01.swift in Sources */,
			);
			runOnlyForDeploymentPostprocessing = 0;
		};
/* End PBXSourcesBuildPhase section */

/* Begin PBXVariantGroup section */
		5919744B2476699B009FC662 /* LaunchScreen.storyboard */ = {
			isa = PBXVariantGroup;
			children = (
				5919744C2476699B009FC662 /* Base */,
			);
			name = LaunchScreen.storyboard;
			sourceTree = "<group>";
		};
/* End PBXVariantGroup section */

/* Begin XCBuildConfiguration section */
		5919744F2476699B009FC662 /* Debug */ = {
			isa = XCBuildConfiguration;
			buildSettings = {
				ALWAYS_SEARCH_USER_PATHS = NO;
				CLANG_ANALYZER_NONNULL = YES;
				CLANG_ANALYZER_NUMBER_OBJECT_CONVERSION = YES_AGGRESSIVE;
				CLANG_CXX_LANGUAGE_STANDARD = "gnu++14";
				CLANG_CXX_LIBRARY = "libc++";
				CLANG_ENABLE_MODULES = YES;
				CLANG_ENABLE_OBJC_ARC = YES;
				CLANG_ENABLE_OBJC_WEAK = YES;
				CLANG_WARN_BLOCK_CAPTURE_AUTORELEASING = YES;
				CLANG_WARN_BOOL_CONVERSION = YES;
				CLANG_WARN_COMMA = YES;
				CLANG_WARN_CONSTANT_CONVERSION = YES;
				CLANG_WARN_DEPRECATED_OBJC_IMPLEMENTATIONS = YES;
				CLANG_WARN_DIRECT_OBJC_ISA_USAGE = YES_ERROR;
				CLANG_WARN_DOCUMENTATION_COMMENTS = YES;
				CLANG_WARN_EMPTY_BODY = YES;
				CLANG_WARN_ENUM_CONVERSION = YES;
				CLANG_WARN_INFINITE_RECURSION = YES;
				CLANG_WARN_INT_CONVERSION = YES;
				CLANG_WARN_NON_LITERAL_NULL_CONVERSION = YES;
				CLANG_WARN_OBJC_IMPLICIT_RETAIN_SELF = YES;
				CLANG_WARN_OBJC_LITERAL_CONVERSION = YES;
				CLANG_WARN_OBJC_ROOT_CLASS = YES_ERROR;
				CLANG_WARN_RANGE_LOOP_ANALYSIS = YES;
				CLANG_WARN_STRICT_PROTOTYPES = YES;
				CLANG_WARN_SUSPICIOUS_MOVE = YES;
				CLANG_WARN_UNGUARDED_AVAILABILITY = YES_AGGRESSIVE;
				CLANG_WARN_UNREACHABLE_CODE = YES;
				CLANG_WARN__DUPLICATE_METHOD_MATCH = YES;
				COPY_PHASE_STRIP = NO;
				DEBUG_INFORMATION_FORMAT = dwarf;
				ENABLE_STRICT_OBJC_MSGSEND = YES;
				ENABLE_TESTABILITY = YES;
				GCC_C_LANGUAGE_STANDARD = gnu11;
				GCC_DYNAMIC_NO_PIC = NO;
				GCC_NO_COMMON_BLOCKS = YES;
				GCC_OPTIMIZATION_LEVEL = 0;
				GCC_PREPROCESSOR_DEFINITIONS = (
					"DEBUG=1",
					"$(inherited)",
				);
				GCC_WARN_64_TO_32_BIT_CONVERSION = YES;
				GCC_WARN_ABOUT_RETURN_TYPE = YES_ERROR;
				GCC_WARN_UNDECLARED_SELECTOR = YES;
				GCC_WARN_UNINITIALIZED_AUTOS = YES_AGGRESSIVE;
				GCC_WARN_UNUSED_FUNCTION = YES;
				GCC_WARN_UNUSED_VARIABLE = YES;
				IPHONEOS_DEPLOYMENT_TARGET = 13.2;
				MTL_ENABLE_DEBUG_INFO = INCLUDE_SOURCE;
				MTL_FAST_MATH = YES;
				ONLY_ACTIVE_ARCH = YES;
				SDKROOT = iphoneos;
				SWIFT_ACTIVE_COMPILATION_CONDITIONS = DEBUG;
				SWIFT_OPTIMIZATION_LEVEL = "-Onone";
			};
			name = Debug;
		};
		591974502476699B009FC662 /* Release */ = {
			isa = XCBuildConfiguration;
			buildSettings = {
				ALWAYS_SEARCH_USER_PATHS = NO;
				CLANG_ANALYZER_NONNULL = YES;
				CLANG_ANALYZER_NUMBER_OBJECT_CONVERSION = YES_AGGRESSIVE;
				CLANG_CXX_LANGUAGE_STANDARD = "gnu++14";
				CLANG_CXX_LIBRARY = "libc++";
				CLANG_ENABLE_MODULES = YES;
				CLANG_ENABLE_OBJC_ARC = YES;
				CLANG_ENABLE_OBJC_WEAK = YES;
				CLANG_WARN_BLOCK_CAPTURE_AUTORELEASING = YES;
				CLANG_WARN_BOOL_CONVERSION = YES;
				CLANG_WARN_COMMA = YES;
				CLANG_WARN_CONSTANT_CONVERSION = YES;
				CLANG_WARN_DEPRECATED_OBJC_IMPLEMENTATIONS = YES;
				CLANG_WARN_DIRECT_OBJC_ISA_USAGE = YES_ERROR;
				CLANG_WARN_DOCUMENTATION_COMMENTS = YES;
				CLANG_WARN_EMPTY_BODY = YES;
				CLANG_WARN_ENUM_CONVERSION = YES;
				CLANG_WARN_INFINITE_RECURSION = YES;
				CLANG_WARN_INT_CONVERSION = YES;
				CLANG_WARN_NON_LITERAL_NULL_CONVERSION = YES;
				CLANG_WARN_OBJC_IMPLICIT_RETAIN_SELF = YES;
				CLANG_WARN_OBJC_LITERAL_CONVERSION = YES;
				CLANG_WARN_OBJC_ROOT_CLASS = YES_ERROR;
				CLANG_WARN_RANGE_LOOP_ANALYSIS = YES;
				CLANG_WARN_STRICT_PROTOTYPES = YES;
				CLANG_WARN_SUSPICIOUS_MOVE = YES;
				CLANG_WARN_UNGUARDED_AVAILABILITY = YES_AGGRESSIVE;
				CLANG_WARN_UNREACHABLE_CODE = YES;
				CLANG_WARN__DUPLICATE_METHOD_MATCH = YES;
				COPY_PHASE_STRIP = NO;
				DEBUG_INFORMATION_FORMAT = "dwarf-with-dsym";
				ENABLE_NS_ASSERTIONS = NO;
				ENABLE_STRICT_OBJC_MSGSEND = YES;
				GCC_C_LANGUAGE_STANDARD = gnu11;
				GCC_NO_COMMON_BLOCKS = YES;
				GCC_WARN_64_TO_32_BIT_CONVERSION = YES;
				GCC_WARN_ABOUT_RETURN_TYPE = YES_ERROR;
				GCC_WARN_UNDECLARED_SELECTOR = YES;
				GCC_WARN_UNINITIALIZED_AUTOS = YES_AGGRESSIVE;
				GCC_WARN_UNUSED_FUNCTION = YES;
				GCC_WARN_UNUSED_VARIABLE = YES;
				IPHONEOS_DEPLOYMENT_TARGET = 13.2;
				MTL_ENABLE_DEBUG_INFO = NO;
				MTL_FAST_MATH = YES;
				SDKROOT = iphoneos;
				SWIFT_COMPILATION_MODE = wholemodule;
				SWIFT_OPTIMIZATION_LEVEL = "-O";
				VALIDATE_PRODUCT = YES;
			};
			name = Release;
		};
		591974522476699B009FC662 /* Debug */ = {
			isa = XCBuildConfiguration;
			buildSettings = {
				ASSETCATALOG_COMPILER_APPICON_NAME = AppIcon;
				CODE_SIGN_STYLE = Automatic;
				DEVELOPMENT_ASSET_PATHS = "\"SwiftUI01/Preview Content\"";
				DEVELOPMENT_TEAM = HV6ZVKXQBS;
				ENABLE_PREVIEWS = YES;
				INFOPLIST_FILE = SwiftUI01/Info.plist;
				LD_RUNPATH_SEARCH_PATHS = (
					"$(inherited)",
					"@executable_path/Frameworks",
				);
				PRODUCT_BUNDLE_IDENTIFIER = com.nixs.SwiftUI001;
				PRODUCT_NAME = "$(TARGET_NAME)";
				SWIFT_VERSION = 5.0;
				TARGETED_DEVICE_FAMILY = "1,2";
			};
			name = Debug;
		};
		591974532476699B009FC662 /* Release */ = {
			isa = XCBuildConfiguration;
			buildSettings = {
				ASSETCATALOG_COMPILER_APPICON_NAME = AppIcon;
				CODE_SIGN_STYLE = Automatic;
				DEVELOPMENT_ASSET_PATHS = "\"SwiftUI01/Preview Content\"";
				DEVELOPMENT_TEAM = HV6ZVKXQBS;
				ENABLE_PREVIEWS = YES;
				INFOPLIST_FILE = SwiftUI01/Info.plist;
				LD_RUNPATH_SEARCH_PATHS = (
					"$(inherited)",
					"@executable_path/Frameworks",
				);
				PRODUCT_BUNDLE_IDENTIFIER = com.nixs.SwiftUI001;
				PRODUCT_NAME = "$(TARGET_NAME)";
				SWIFT_VERSION = 5.0;
				TARGETED_DEVICE_FAMILY = "1,2";
			};
			name = Release;
		};
/* End XCBuildConfiguration section */

/* Begin XCConfigurationList section */
		5919743824766995009FC662 /* Build configuration list for PBXProject "SwiftUI01" */ = {
			isa = XCConfigurationList;
			buildConfigurations = (
				5919744F2476699B009FC662 /* Debug */,
				591974502476699B009FC662 /* Release */,
			);
			defaultConfigurationIsVisible = 0;
			defaultConfigurationName = Release;
		};
		591974512476699B009FC662 /* Build configuration list for PBXNativeTarget "SwiftUI01" */ = {
			isa = XCConfigurationList;
			buildConfigurations = (
				591974522476699B009FC662 /* Debug */,
				591974532476699B009FC662 /* Release */,
			);
			defaultConfigurationIsVisible = 0;
			defaultConfigurationName = Release;
		};
/* End XCConfigurationList section */
	};
	rootObject = 5919743524766995009FC662 /* Project object */;
}
